<?xml version="1.0" encoding="utf-8"?>
<Project ToolsVersion="4.0" xmlns="http://schemas.microsoft.com/developer/msbuild/2003">
  <ItemGroup>
    <Filter Include="Source Files">
      <UniqueIdentifier>{4FC737F1-C7A5-4376-A066-2A32D752A2FF}</UniqueIdentifier>
      <Extensions>cpp;c;cc;cxx;c++;cppm;ixx;def;odl;idl;hpj;bat;asm;asmx</Extensions>
    </Filter>
    <Filter Include="Header Files">
      <UniqueIdentifier>{93995380-89BD-4b04-88EB-625FBE52EBFB}</UniqueIdentifier>
      <Extensions>h;hh;hpp;hxx;h++;hm;inl;inc;ipp;xsd</Extensions>
    </Filter>
    <Filter Include="Resource Files">
      <UniqueIdentifier>{67DA6AB6-F800-4c08-8B7A-83BB121AAD01}</UniqueIdentifier>
      <Extensions>rc;ico;cur;bmp;dlg;rc2;rct;bin;rgs;gif;jpg;jpeg;jpe;resx;tiff;tif;png;wav;mfcribbon-ms</Extensions>
    </Filter>
    <Filter Include="Source Files\CPP Requesturi">
      <UniqueIdentifier>{22c2ea09-3b17-4f36-830e-c0f9d5293637}</UniqueIdentifier>
    </Filter>
    <Filter Include="Header Files\Requesturi">
      <UniqueIdentifier>{83d0ea83-1719-4e34-bdfd-783439e6b02b}</UniqueIdentifier>
    </Filter>
  </ItemGroup>
  <ItemGroup>
    <ClCompile Include="main.cpp">
      <Filter>Source Files</Filter>
    </ClCompile>
    <ClCompile Include="ServerConnection.cpp">
      <Filter>Source Files</Filter>
    </ClCompile>
    <ClCompile Include="Application.cpp">
      <Filter>Source Files</Filter>
    </ClCompile>
    <ClCompile Include="DataBase.cpp">
      <Filter>Source Files</Filter>
    </ClCompile>
    <ClCompile Include="CUtils.cpp">
      <Filter>Source Files</Filter>
    </ClCompile>
    <ClCompile Include="IRequest.cpp">
      <Filter>Source Files\CPP Requesturi</Filter>
    </ClCompile>
    <ClCompile Include="RequestRegisterDoctorUser.cpp">
      <Filter>Source Files\CPP Requesturi</Filter>
    </ClCompile>
    <ClCompile Include="RequestLoginDoctor.cpp">
      <Filter>Source Files\CPP Requesturi</Filter>
    </ClCompile>
    <ClCompile Include="RequestLoginNormalUser.cpp">
      <Filter>Source Files\CPP Requesturi</Filter>
    </ClCompile>
    <ClCompile Include="RequestProgramare.cpp">
      <Filter>Source Files\CPP Requesturi</Filter>
    </ClCompile>
    <ClCompile Include="RequestRegisterProgramare.cpp">
      <Filter>Source Files\CPP Requesturi</Filter>
    </ClCompile>
    <ClCompile Include="RequestRegNormalUser.cpp">
      <Filter>Source Files\CPP Requesturi</Filter>
    </ClCompile>
    <ClCompile Include="RequestMedicamente.cpp">
      <Filter>Source Files\CPP Requesturi</Filter>
    </ClCompile>
    <ClCompile Include="RequestMedicamentPoza.cpp">
      <Filter>Source Files</Filter>
    </ClCompile>
  </ItemGroup>
  <ItemGroup>
    <ClInclude Include="ServerConnection.h">
      <Filter>Header Files</Filter>
    </ClInclude>
    <ClInclude Include="Application.h">
      <Filter>Header Files</Filter>
    </ClInclude>
    <ClInclude Include="DataBase.h">
      <Filter>Header Files</Filter>
    </ClInclude>
    <ClInclude Include="CUtils.h">
      <Filter>Header Files</Filter>
    </ClInclude>
    <ClInclude Include="Exception.h">
      <Filter>Header Files</Filter>
    </ClInclude>
    <ClInclude Include="RequestRegNormalUser.h">
      <Filter>Header Files\Requesturi</Filter>
    </ClInclude>
    <ClInclude Include="RequestRegisterProgramare.h">
      <Filter>Header Files\Requesturi</Filter>
    </ClInclude>
    <ClInclude Include="RequestProgramare.h">
      <Filter>Header Files\Requesturi</Filter>
    </ClInclude>
    <ClInclude Include="RequestLoginNormalUser.h">
      <Filter>Header Files\Requesturi</Filter>
    </ClInclude>
    <ClInclude Include="RequestLoginDoctor.h">
      <Filter>Header Files\Requesturi</Filter>
    </ClInclude>
    <ClInclude Include="RequestRegisterDoctorUser.h">
      <Filter>Header Files\Requesturi</Filter>
    </ClInclude>
    <ClInclude Include="IRequest.h">
      <Filter>Header Files\Requesturi</Filter>
    </ClInclude>
    <ClInclude Include="RequestMedicamente.h">
      <Filter>Header Files\Requesturi</Filter>
    </ClInclude>
    <ClInclude Include="RequestMedicamentPoza.h">
      <Filter>Header Files</Filter>
    </ClInclude>
  </ItemGroup>
  <ItemGroup>
    <Image Include="..\..\..\..\..\aspirina.png">
      <Filter>Resource Files</Filter>
    </Image>
    <Image Include="..\..\..\..\..\Omeprazol.jpg">
      <Filter>Resource Files</Filter>
    </Image>
    <Image Include="..\..\..\..\..\ImagesPOO\algocalmin.jpg">
      <Filter>Resource Files</Filter>
    </Image>
  </ItemGroup>
</Project>